
Microsoft Visual Studio Solution File, Format Version 12.00
# Visual Studio Version 16
VisualStudioVersion = 16.0.31911.196
MinimumVisualStudioVersion = 10.0.40219.1
Project("{FAE04EC0-301F-11D3-BF4B-00C04F79EFBC}") = "brunovLab2Part3", "brunovLab2Part3\brunovLab2Part3.csproj", "{D4674D1E-F931-435E-B0EF-EDB318D03575}"
EndProject
Global
	GlobalSection(SolutionConfigurationPlatforms) = preSolution
		Debug|Any CPU = Debug|Any CPU
		Release|Any CPU = Release|Any CPU
	EndGlobalSection
	GlobalSection(ProjectConfigurationPlatforms) = postSolution
		{D4674D1E-F931-435E-B0EF-EDB318D03575}.Debug|Any CPU.ActiveCfg = Debug|Any CPU
		{D4674D1E-F931-435E-B0EF-EDB318D03575}.Debug|Any CPU.Build.0 = Debug|Any CPU
		{D4674D1E-F931-435E-B0EF-EDB318D03575}.Release|Any CPU.ActiveCfg = Release|Any CPU
		{D4674D1E-F931-435E-B0EF-EDB318D03575}.Release|Any CPU.Build.0 = Release|Any CPU
	EndGlobalSection
	GlobalSection(SolutionProperties) = preSolution
		HideSolutionNode = FALSE
	EndGlobalSection
	GlobalSection(ExtensibilityGlobals) = postSolution
		SolutionGuid = {6199CC1A-E1BB-411C-9ED4-ECA171EDD763}
	EndGlobalSection
EndGlobal
